github.com/dan-hill/site-base v0.6.0 h1:16dptvdhgn7d+05psnumO8R3OFyvkq5AnEagSy3xVvk=
github.com/dan-hill/site-base v0.6.0/go.mod h1:elvTRJv4IABI3anbJWTd/95aZzGJe8mEG/8NXuww3Zc=
github.com/dan-hill/site-base v0.7.0 h1:eegquKOkYdsGHFOH1T1S1VNzkxClvv7Tf5mfmyV05P0=
github.com/dan-hill/site-base v0.7.0/go.mod h1:ZHzGJWR/LzKpzYW+Kw1YPaQy2wO8dyI9uyr6hjgZgtU=
